
Microsoft Visual Studio Solution File, Format Version 12.00
# Visual Studio Version 17
VisualStudioVersion = 17.5.33424.131
MinimumVisualStudioVersion = 10.0.40219.1
Project("{FAE04EC0-301F-11D3-BF4B-00C04F79EFBC}") = "DatabaseActions", "DatabaseActions\DatabaseActions.csproj", "{80C8E8BC-42A3-44F2-A832-B0F945A97258}"
EndProject
Project("{2150E333-8FDC-42A3-9474-1A3956D46DE8}") = "Solution Items", "Solution Items", "{AF4F3C01-F238-4C9F-B720-103A4F3B3335}"
	ProjectSection(SolutionItems) = preProject
		DBFunctions.cs = DBFunctions.cs
	EndProjectSection
EndProject
Global
	GlobalSection(SolutionConfigurationPlatforms) = preSolution
		Debug|Any CPU = Debug|Any CPU
		Release|Any CPU = Release|Any CPU
	EndGlobalSection
	GlobalSection(ProjectConfigurationPlatforms) = postSolution
		{80C8E8BC-42A3-44F2-A832-B0F945A97258}.Debug|Any CPU.ActiveCfg = Debug|Any CPU
		{80C8E8BC-42A3-44F2-A832-B0F945A97258}.Debug|Any CPU.Build.0 = Debug|Any CPU
		{80C8E8BC-42A3-44F2-A832-B0F945A97258}.Release|Any CPU.ActiveCfg = Release|Any CPU
		{80C8E8BC-42A3-44F2-A832-B0F945A97258}.Release|Any CPU.Build.0 = Release|Any CPU
	EndGlobalSection
	GlobalSection(SolutionProperties) = preSolution
		HideSolutionNode = FALSE
	EndGlobalSection
	GlobalSection(ExtensibilityGlobals) = postSolution
		SolutionGuid = {7FD3FD1C-1F58-41C3-B23C-13AE011A60E9}
	EndGlobalSection
EndGlobal
